// !$*UTF8*$!
{
	archiveVersion = 1;
	classes = {
	};
	objectVersion = 77;
	objects = {

/* Begin PBXBuildFile section */
		A82EE8AB2F64EEBC002C8C9D /* ResultsSheetsView.swift in Sources */ = {isa = PBXBuildFile; fileRef = A82EE8AA2F64EEAD002C8C9D /* ResultsSheetsView.swift */; };
		A82EE8AD2F64F19F002C8C9D /* ChipView.swift in Sources */ = {isa = PBXBuildFile; fileRef = A82EE8AC2F64F19C002C8C9D /* ChipView.swift */; };
		A82EE8B12F64F7D2002C8C9D /* ChipVisualView.swift in Sources */ = {isa = PBXBuildFile; fileRef = A82EE8B02F64F7CB002C8C9D /* ChipVisualView.swift */; };
		A82EE8B52F64F7F0002C8C9D /* EditChipRowSheetView.swift in Sources */ = {isa = PBXBuildFile; fileRef = A82EE8B42F64F7F0002C8C9D /* EditChipRowSheetView.swift */; };
		A88AF36F2F5B978100B8B4E1 /* PokerHostHelperApp.swift in Sources */ = {isa = PBXBuildFile; fileRef = A88AF36D2F5B978100B8B4E1 /* PokerHostHelperApp.swift */; };
		A88AF3702F5B978100B8B4E1 /* ChipType.swift in Sources */ = {isa = PBXBuildFile; fileRef = A88AF3652F5B978100B8B4E1 /* ChipType.swift */; };
		A88AF3712F5B978100B8B4E1 /* ContentView.swift in Sources */ = {isa = PBXBuildFile; fileRef = A88AF36C2F5B978100B8B4E1 /* ContentView.swift */; };
		A88AF3722F5B978100B8B4E1 /* CardView.swift in Sources */ = {isa = PBXBuildFile; fileRef = A88AF3612F5B978100B8B4E1 /* CardView.swift */; };
		A88AF3732F5B978100B8B4E1 /* AppColors.swift in Sources */ = {isa = PBXBuildFile; fileRef = A88AF3602F5B978100B8B4E1 /* AppColors.swift */; };
		A88AF3742F5B978100B8B4E1 /* ChipAllocator.swift in Sources */ = {isa = PBXBuildFile; fileRef = A88AF3632F5B978100B8B4E1 /* ChipAllocator.swift */; };
		A88AF3752F5B978100B8B4E1 /* CashSetupView.swift in Sources */ = {isa = PBXBuildFile; fileRef = A88AF3692F5B978100B8B4E1 /* CashSetupView.swift */; };
		A88AF3762F5B978100B8B4E1 /* Money.swift in Sources */ = {isa = PBXBuildFile; fileRef = A88AF3672F5B978100B8B4E1 /* Money.swift */; };
		A88AF3772F5B978100B8B4E1 /* Assets.xcassets in Resources */ = {isa = PBXBuildFile; fileRef = A88AF36B2F5B978100B8B4E1 /* Assets.xcassets */; };
		A88AF3792F5B9AC000B8B4E1 /* AutoDenominationAssigner.swift in Sources */ = {isa = PBXBuildFile; fileRef = A88AF3782F5B9AB700B8B4E1 /* AutoDenominationAssigner.swift */; };
		A88AF37F2F5CB36300B8B4E1 /* HelpAboutView.swift in Sources */ = {isa = PBXBuildFile; fileRef = A88AF37E2F5CB35B00B8B4E1 /* HelpAboutView.swift */; };
		A88AF3872F5CC69700B8B4E1 /* ChipSetsView.swift in Sources */ = {isa = PBXBuildFile; fileRef = A88AF3862F5CC69700B8B4E1 /* ChipSetsView.swift */; };
		A99AF3902F7E000100B8B4E1 /* TournamentSetupView.swift in Sources */ = {isa = PBXBuildFile; fileRef = A99AF3912F7E000100B8B4E1 /* TournamentSetupView.swift */; };
/* End PBXBuildFile section */

/* Begin PBXFileReference section */
		A82EE8AA2F64EEAD002C8C9D /* ResultsSheetsView.swift */ = {isa = PBXFileReference; lastKnownFileType = sourcecode.swift; path = ResultsSheetsView.swift; sourceTree = "<group>"; };
		A82EE8AC2F64F19C002C8C9D /* ChipView.swift */ = {isa = PBXFileReference; lastKnownFileType = sourcecode.swift; path = ChipView.swift; sourceTree = "<group>"; };
		A82EE8B02F64F7CB002C8C9D /* ChipVisualView.swift */ = {isa = PBXFileReference; lastKnownFileType = sourcecode.swift; path = ChipVisualView.swift; sourceTree = "<group>"; };
		A82EE8B42F64F7F0002C8C9D /* EditChipRowSheetView.swift */ = {isa = PBXFileReference; lastKnownFileType = sourcecode.swift; path = EditChipRowSheetView.swift; sourceTree = "<group>"; };
		A84572322F529F1500BE2EBC /* PokerStack.app */ = {isa = PBXFileReference; explicitFileType = wrapper.application; includeInIndex = 0; path = PokerStack.app; sourceTree = BUILT_PRODUCTS_DIR; };
		A88AF3602F5B978100B8B4E1 /* AppColors.swift */ = {isa = PBXFileReference; lastKnownFileType = sourcecode.swift; path = AppColors.swift; sourceTree = "<group>"; };
		A88AF3612F5B978100B8B4E1 /* CardView.swift */ = {isa = PBXFileReference; lastKnownFileType = sourcecode.swift; path = CardView.swift; sourceTree = "<group>"; };
		A88AF3632F5B978100B8B4E1 /* ChipAllocator.swift */ = {isa = PBXFileReference; lastKnownFileType = sourcecode.swift; path = ChipAllocator.swift; sourceTree = "<group>"; };
		A88AF3652F5B978100B8B4E1 /* ChipType.swift */ = {isa = PBXFileReference; lastKnownFileType = sourcecode.swift; path = ChipType.swift; sourceTree = "<group>"; };
		A88AF3672F5B978100B8B4E1 /* Money.swift */ = {isa = PBXFileReference; lastKnownFileType = sourcecode.swift; path = Money.swift; sourceTree = "<group>"; };
		A88AF3692F5B978100B8B4E1 /* CashSetupView.swift */ = {isa = PBXFileReference; lastKnownFileType = sourcecode.swift; path = CashSetupView.swift; sourceTree = "<group>"; };
		A88AF36B2F5B978100B8B4E1 /* Assets.xcassets */ = {isa = PBXFileReference; lastKnownFileType = folder.assetcatalog; path = Assets.xcassets; sourceTree = "<group>"; };
		A88AF36C2F5B978100B8B4E1 /* ContentView.swift */ = {isa = PBXFileReference; lastKnownFileType = sourcecode.swift; path = ContentView.swift; sourceTree = "<group>"; };
		A88AF36D2F5B978100B8B4E1 /* PokerHostHelperApp.swift */ = {isa = PBXFileReference; lastKnownFileType = sourcecode.swift; path = PokerHostHelperApp.swift; sourceTree = "<group>"; };
		A88AF3782F5B9AB700B8B4E1 /* AutoDenominationAssigner.swift */ = {isa = PBXFileReference; lastKnownFileType = sourcecode.swift; path = AutoDenominationAssigner.swift; sourceTree = "<group>"; };
		A88AF37E2F5CB35B00B8B4E1 /* HelpAboutView.swift */ = {isa = PBXFileReference; lastKnownFileType = sourcecode.swift; path = HelpAboutView.swift; sourceTree = "<group>"; };
		A88AF3862F5CC69700B8B4E1 /* ChipSetsView.swift */ = {isa = PBXFileReference; lastKnownFileType = sourcecode.swift; path = ChipSetsView.swift; sourceTree = "<group>"; };
		A99AF3912F7E000100B8B4E1 /* TournamentSetupView.swift */ = {isa = PBXFileReference; lastKnownFileType = sourcecode.swift; path = TournamentSetupView.swift; sourceTree = "<group>"; };
/* End PBXFileReference section */

/* Begin PBXFileSystemSynchronizedRootGroup section */
		A88AF37A2F5CB33200B8B4E1 /* Persistence */ = {
			isa = PBXFileSystemSynchronizedRootGroup;
			path = Persistence;
			sourceTree = "<group>";
		};
/* End PBXFileSystemSynchronizedRootGroup section */

/* Begin PBXFrameworksBuildPhase section */
		A845722F2F529F1500BE2EBC /* Frameworks */ = {
			isa = PBXFrameworksBuildPhase;
			buildActionMask = 2147483647;
			files = (
			);
			runOnlyForDeploymentPostprocessing = 0;
		};
/* End PBXFrameworksBuildPhase section */

/* Begin PBXGroup section */
		A84572292F529F1500BE2EBC = {
			isa = PBXGroup;
			children = (
				A88AF36E2F5B978100B8B4E1 /* PokerHost */,
				A84572332F529F1500BE2EBC /* Products */,
			);
			sourceTree = "<group>";
		};
		A84572332F529F1500BE2EBC /* Products */ = {
			isa = PBXGroup;
			children = (
				A84572322F529F1500BE2EBC /* PokerStack.app */,
			);
			name = Products;
			sourceTree = "<group>";
		};
		A88AF3622F5B978100B8B4E1 /* Design */ = {
			isa = PBXGroup;
			children = (
				A88AF3602F5B978100B8B4E1 /* AppColors.swift */,
				A88AF3612F5B978100B8B4E1 /* CardView.swift */,
			);
			path = Design;
			sourceTree = "<group>";
		};
		A88AF3642F5B978100B8B4E1 /* Logic */ = {
			isa = PBXGroup;
			children = (
				A88AF3782F5B9AB700B8B4E1 /* AutoDenominationAssigner.swift */,
				A88AF3632F5B978100B8B4E1 /* ChipAllocator.swift */,
			);
			path = Logic;
			sourceTree = "<group>";
		};
		A88AF3662F5B978100B8B4E1 /* Models */ = {
			isa = PBXGroup;
			children = (
				A88AF3652F5B978100B8B4E1 /* ChipType.swift */,
			);
			path = Models;
			sourceTree = "<group>";
		};
		A88AF3682F5B978100B8B4E1 /* Utils */ = {
			isa = PBXGroup;
			children = (
				A88AF3672F5B978100B8B4E1 /* Money.swift */,
			);
			path = Utils;
			sourceTree = "<group>";
		};
		A88AF36A2F5B978100B8B4E1 /* Views */ = {
			isa = PBXGroup;
			children = (
				A82EE8B42F64F7F0002C8C9D /* EditChipRowSheetView.swift */,
				A82EE8B02F64F7CB002C8C9D /* ChipVisualView.swift */,
				A82EE8AC2F64F19C002C8C9D /* ChipView.swift */,
				A82EE8AA2F64EEAD002C8C9D /* ResultsSheetsView.swift */,
				A88AF3862F5CC69700B8B4E1 /* ChipSetsView.swift */,
				A88AF37E2F5CB35B00B8B4E1 /* HelpAboutView.swift */,
				A88AF3692F5B978100B8B4E1 /* CashSetupView.swift */,
				A99AF3912F7E000100B8B4E1 /* TournamentSetupView.swift */,
			);
			path = Views;
			sourceTree = "<group>";
		};
		A88AF36E2F5B978100B8B4E1 /* PokerHost */ = {
			isa = PBXGroup;
			children = (
				A88AF37A2F5CB33200B8B4E1 /* Persistence */,
				A88AF3622F5B978100B8B4E1 /* Design */,
				A88AF3642F5B978100B8B4E1 /* Logic */,
				A88AF3662F5B978100B8B4E1 /* Models */,
				A88AF3682F5B978100B8B4E1 /* Utils */,
				A88AF36A2F5B978100B8B4E1 /* Views */,
				A88AF36B2F5B978100B8B4E1 /* Assets.xcassets */,
				A88AF36C2F5B978100B8B4E1 /* ContentView.swift */,
				A88AF36D2F5B978100B8B4E1 /* PokerHostHelperApp.swift */,
			);
			path = PokerHost;
			sourceTree = "<group>";
		};
/* End PBXGroup section */

/* Begin PBXNativeTarget section */
		A84572312F529F1500BE2EBC /* PokerStack */ = {
			isa = PBXNativeTarget;
			buildConfigurationList = A845723D2F529F1700BE2EBC /* Build configuration list for PBXNativeTarget "PokerStack" */;
			buildPhases = (
				A845722E2F529F1500BE2EBC /* Sources */,
				A845722F2F529F1500BE2EBC /* Frameworks */,
				A84572302F529F1500BE2EBC /* Resources */,
			);
			buildRules = (
			);
			dependencies = (
			);
			fileSystemSynchronizedGroups = (
				A88AF37A2F5CB33200B8B4E1 /* Persistence */,
			);
			name = PokerStack;
			packageProductDependencies = (
			);
			productName = PokerHostHelper;
			productReference = A84572322F529F1500BE2EBC /* PokerStack.app */;
			productType = "com.apple.product-type.application";
		};
/* End PBXNativeTarget section */

/* Begin PBXProject section */
		A845722A2F529F1500BE2EBC /* Project object */ = {
			isa = PBXProject;
			attributes = {
				BuildIndependentTargetsInParallel = 1;
				LastSwiftUpdateCheck = 2630;
				LastUpgradeCheck = 2630;
				TargetAttributes = {
					A84572312F529F1500BE2EBC = {
						CreatedOnToolsVersion = 26.3;
					};
				};
			};
			buildConfigurationList = A845722D2F529F1500BE2EBC /* Build configuration list for PBXProject "PokerStack" */;
			developmentRegion = en;
			hasScannedForEncodings = 0;
			knownRegions = (
				en,
				Base,
			);
			mainGroup = A84572292F529F1500BE2EBC;
			minimizedProjectReferenceProxies = 1;
			preferredProjectObjectVersion = 77;
			productRefGroup = A84572332F529F1500BE2EBC /* Products */;
			projectDirPath = "";
			projectRoot = "";
			targets = (
				A84572312F529F1500BE2EBC /* PokerStack */,
			);
		};
/* End PBXProject section */

/* Begin PBXResourcesBuildPhase section */
		A84572302F529F1500BE2EBC /* Resources */ = {
			isa = PBXResourcesBuildPhase;
			buildActionMask = 2147483647;
			files = (
				A88AF3772F5B978100B8B4E1 /* Assets.xcassets in Resources */,
			);
			runOnlyForDeploymentPostprocessing = 0;
		};
/* End PBXResourcesBuildPhase section */

/* Begin PBXSourcesBuildPhase section */
		A845722E2F529F1500BE2EBC /* Sources */ = {
			isa = PBXSourcesBuildPhase;
			buildActionMask = 2147483647;
			files = (
				A88AF36F2F5B978100B8B4E1 /* PokerHostHelperApp.swift in Sources */,
				A82EE8AB2F64EEBC002C8C9D /* ResultsSheetsView.swift in Sources */,
				A82EE8B12F64F7D2002C8C9D /* ChipVisualView.swift in Sources */,
				A82EE8AD2F64F19F002C8C9D /* ChipView.swift in Sources */,
				A88AF3702F5B978100B8B4E1 /* ChipType.swift in Sources */,
				A88AF3712F5B978100B8B4E1 /* ContentView.swift in Sources */,
				A88AF3722F5B978100B8B4E1 /* CardView.swift in Sources */,
				A88AF3732F5B978100B8B4E1 /* AppColors.swift in Sources */,
				A88AF3792F5B9AC000B8B4E1 /* AutoDenominationAssigner.swift in Sources */,
				A88AF37F2F5CB36300B8B4E1 /* HelpAboutView.swift in Sources */,
				A82EE8B52F64F7F0002C8C9D /* EditChipRowSheetView.swift in Sources */,
				A88AF3742F5B978100B8B4E1 /* ChipAllocator.swift in Sources */,
				A88AF3752F5B978100B8B4E1 /* CashSetupView.swift in Sources */,
				A88AF3762F5B978100B8B4E1 /* Money.swift in Sources */,
				A88AF3872F5CC69700B8B4E1 /* ChipSetsView.swift in Sources */,
				A99AF3902F7E000100B8B4E1 /* TournamentSetupView.swift in Sources */,
			);
			runOnlyForDeploymentPostprocessing = 0;
		};
/* End PBXSourcesBuildPhase section */

/* Begin XCBuildConfiguration section */
		A845723B2F529F1700BE2EBC /* Debug */ = {
			isa = XCBuildConfiguration;
			buildSettings = {
				ALWAYS_SEARCH_USER_PATHS = NO;
				ASSETCATALOG_COMPILER_GENERATE_SWIFT_ASSET_SYMBOL_EXTENSIONS = YES;
				CLANG_ANALYZER_NONNULL = YES;
				CLANG_ANALYZER_NUMBER_OBJECT_CONVERSION = YES_AGGRESSIVE;
				CLANG_CXX_LANGUAGE_STANDARD = "gnu++20";
				CLANG_ENABLE_MODULES = YES;
				CLANG_ENABLE_OBJC_ARC = YES;
				CLANG_ENABLE_OBJC_WEAK = YES;
				CLANG_WARN_BLOCK_CAPTURE_AUTORELEASING = YES;
				CLANG_WARN_BOOL_CONVERSION = YES;
				CLANG_WARN_COMMA = YES;
				CLANG_WARN_CONSTANT_CONVERSION = YES;
				CLANG_WARN_DEPRECATED_OBJC_IMPLEMENTATIONS = YES;
				CLANG_WARN_DIRECT_OBJC_ISA_USAGE = YES_ERROR;
				CLANG_WARN_DOCUMENTATION_COMMENTS = YES;
				CLANG_WARN_EMPTY_BODY = YES;
				CLANG_WARN_ENUM_CONVERSION = YES;
				CLANG_WARN_INFINITE_RECURSION = YES;
				CLANG_WARN_INT_CONVERSION = YES;
				CLANG_WARN_NON_LITERAL_NULL_CONVERSION = YES;
				CLANG_WARN_OBJC_IMPLICIT_RETAIN_SELF = YES;
				CLANG_WARN_OBJC_LITERAL_CONVERSION = YES;
				CLANG_WARN_OBJC_ROOT_CLASS = YES_ERROR;
				CLANG_WARN_QUOTED_INCLUDE_IN_FRAMEWORK_HEADER = YES;
				CLANG_WARN_RANGE_LOOP_ANALYSIS = YES;
				CLANG_WARN_STRICT_PROTOTYPES = YES;
				CLANG_WARN_SUSPICIOUS_MOVE = YES;
				CLANG_WARN_UNGUARDED_AVAILABILITY = YES_AGGRESSIVE;
				CLANG_WARN_UNREACHABLE_CODE = YES;
				CLANG_WARN__DUPLICATE_METHOD_MATCH = YES;
				COPY_PHASE_STRIP = NO;
				DEBUG_INFORMATION_FORMAT = dwarf;
				ENABLE_STRICT_OBJC_MSGSEND = YES;
				ENABLE_TESTABILITY = YES;
				ENABLE_USER_SCRIPT_SANDBOXING = YES;
				GCC_C_LANGUAGE_STANDARD = gnu17;
				GCC_DYNAMIC_NO_PIC = NO;
				GCC_NO_COMMON_BLOCKS = YES;
				GCC_OPTIMIZATION_LEVEL = 0;
				GCC_PREPROCESSOR_DEFINITIONS = (
					"DEBUG=1",
					"$(inherited)",
				);
				GCC_WARN_64_TO_32_BIT_CONVERSION = YES;
				GCC_WARN_ABOUT_RETURN_TYPE = YES_ERROR;
				GCC_WARN_UNDECLARED_SELECTOR = YES;
				GCC_WARN_UNINITIALIZED_AUTOS = YES_AGGRESSIVE;
				GCC_WARN_UNUSED_FUNCTION = YES;
				GCC_WARN_UNUSED_VARIABLE = YES;
				IPHONEOS_DEPLOYMENT_TARGET = 26.2;
				LOCALIZATION_PREFERS_STRING_CATALOGS = YES;
				MTL_ENABLE_DEBUG_INFO = INCLUDE_SOURCE;
				MTL_FAST_MATH = YES;
				ONLY_ACTIVE_ARCH = YES;
				SDKROOT = iphoneos;
				SWIFT_ACTIVE_COMPILATION_CONDITIONS = "DEBUG $(inherited)";
				SWIFT_OPTIMIZATION_LEVEL = "-Onone";
			};
			name = Debug;
		};
		A845723C2F529F1700BE2EBC /* Release */ = {
			isa = XCBuildConfiguration;
			buildSettings = {
				ALWAYS_SEARCH_USER_PATHS = NO;
				ASSETCATALOG_COMPILER_GENERATE_SWIFT_ASSET_SYMBOL_EXTENSIONS = YES;
				CLANG_ANALYZER_NONNULL = YES;
				CLANG_ANALYZER_NUMBER_OBJECT_CONVERSION = YES_AGGRESSIVE;
				CLANG_CXX_LANGUAGE_STANDARD = "gnu++20";
				CLANG_ENABLE_MODULES = YES;
				CLANG_ENABLE_OBJC_ARC = YES;
				CLANG_ENABLE_OBJC_WEAK = YES;
				CLANG_WARN_BLOCK_CAPTURE_AUTORELEASING = YES;
				CLANG_WARN_BOOL_CONVERSION = YES;
				CLANG_WARN_COMMA = YES;
				CLANG_WARN_CONSTANT_CONVERSION = YES;
				CLANG_WARN_DEPRECATED_OBJC_IMPLEMENTATIONS = YES;
				CLANG_WARN_DIRECT_OBJC_ISA_USAGE = YES_ERROR;
				CLANG_WARN_DOCUMENTATION_COMMENTS = YES;
				CLANG_WARN_EMPTY_BODY = YES;
				CLANG_WARN_ENUM_CONVERSION = YES;
				CLANG_WARN_INFINITE_RECURSION = YES;
				CLANG_WARN_INT_CONVERSION = YES;
				CLANG_WARN_NON_LITERAL_NULL_CONVERSION = YES;
				CLANG_WARN_OBJC_IMPLICIT_RETAIN_SELF = YES;
				CLANG_WARN_OBJC_LITERAL_CONVERSION = YES;
				CLANG_WARN_OBJC_ROOT_CLASS = YES_ERROR;
				CLANG_WARN_QUOTED_INCLUDE_IN_FRAMEWORK_HEADER = YES;
				CLANG_WARN_RANGE_LOOP_ANALYSIS = YES;
				CLANG_WARN_STRICT_PROTOTYPES = YES;
				CLANG_WARN_SUSPICIOUS_MOVE = YES;
				CLANG_WARN_UNGUARDED_AVAILABILITY = YES_AGGRESSIVE;
				CLANG_WARN_UNREACHABLE_CODE = YES;
				CLANG_WARN__DUPLICATE_METHOD_MATCH = YES;
				COPY_PHASE_STRIP = NO;
				DEBUG_INFORMATION_FORMAT = "dwarf-with-dsym";
				ENABLE_NS_ASSERTIONS = NO;
				ENABLE_STRICT_OBJC_MSGSEND = YES;
				ENABLE_USER_SCRIPT_SANDBOXING = YES;
				GCC_C_LANGUAGE_STANDARD = gnu17;
				GCC_NO_COMMON_BLOCKS = YES;
				GCC_WARN_64_TO_32_BIT_CONVERSION = YES;
				GCC_WARN_ABOUT_RETURN_TYPE = YES_ERROR;
				GCC_WARN_UNDECLARED_SELECTOR = YES;
				GCC_WARN_UNINITIALIZED_AUTOS = YES_AGGRESSIVE;
				GCC_WARN_UNUSED_FUNCTION = YES;
				GCC_WARN_UNUSED_VARIABLE = YES;
				IPHONEOS_DEPLOYMENT_TARGET = 26.2;
				LOCALIZATION_PREFERS_STRING_CATALOGS = YES;
				MTL_ENABLE_DEBUG_INFO = NO;
				MTL_FAST_MATH = YES;
				SDKROOT = iphoneos;
				SWIFT_COMPILATION_MODE = wholemodule;
				VALIDATE_PRODUCT = YES;
			};
			name = Release;
		};
		A845723E2F529F1700BE2EBC /* Debug */ = {
			isa = XCBuildConfiguration;
			buildSettings = {
				ASSETCATALOG_COMPILER_APPICON_NAME = AppIcon;
				ASSETCATALOG_COMPILER_GLOBAL_ACCENT_COLOR_NAME = AccentColor;
				CODE_SIGN_STYLE = Automatic;
				CURRENT_PROJECT_VERSION = 3;
				DEVELOPMENT_TEAM = J65T84X99V;
				ENABLE_PREVIEWS = YES;
				GENERATE_INFOPLIST_FILE = YES;
				INFOPLIST_KEY_CFBundleDisplayName = PokerStack;
				INFOPLIST_KEY_LSApplicationCategoryType = "public.app-category.productivity";
				INFOPLIST_KEY_UIApplicationSceneManifest_Generation = YES;
				INFOPLIST_KEY_UIApplicationSupportsIndirectInputEvents = YES;
				INFOPLIST_KEY_UILaunchScreen_Generation = YES;
				INFOPLIST_KEY_UISupportedInterfaceOrientations_iPad = "UIInterfaceOrientationPortrait UIInterfaceOrientationPortraitUpsideDown UIInterfaceOrientationLandscapeLeft UIInterfaceOrientationLandscapeRight";
				INFOPLIST_KEY_UISupportedInterfaceOrientations_iPhone = "UIInterfaceOrientationPortrait UIInterfaceOrientationLandscapeLeft UIInterfaceOrientationLandscapeRight";
				LD_RUNPATH_SEARCH_PATHS = (
					"$(inherited)",
					"@executable_path/Frameworks",
				);
				MARKETING_VERSION = 1.2;
				PRODUCT_BUNDLE_IDENTIFIER = com.DracosSolutions.PokerStack;
				PRODUCT_NAME = "$(TARGET_NAME)";
				STRING_CATALOG_GENERATE_SYMBOLS = YES;
				SWIFT_APPROACHABLE_CONCURRENCY = YES;
				SWIFT_DEFAULT_ACTOR_ISOLATION = MainActor;
				SWIFT_EMIT_LOC_STRINGS = YES;
				SWIFT_UPCOMING_FEATURE_MEMBER_IMPORT_VISIBILITY = YES;
				SWIFT_VERSION = 5.0;
				TARGETED_DEVICE_FAMILY = "1,2";
			};
			name = Debug;
		};
		A845723F2F529F1700BE2EBC /* Release */ = {
			isa = XCBuildConfiguration;
			buildSettings = {
				ASSETCATALOG_COMPILER_APPICON_NAME = AppIcon;
				ASSETCATALOG_COMPILER_GLOBAL_ACCENT_COLOR_NAME = AccentColor;
				CODE_SIGN_STYLE = Automatic;
				CURRENT_PROJECT_VERSION = 3;
				DEVELOPMENT_TEAM = J65T84X99V;
				ENABLE_PREVIEWS = YES;
				GENERATE_INFOPLIST_FILE = YES;
				INFOPLIST_KEY_CFBundleDisplayName = PokerStack;
				INFOPLIST_KEY_LSApplicationCategoryType = "public.app-category.productivity";
				INFOPLIST_KEY_UIApplicationSceneManifest_Generation = YES;
				INFOPLIST_KEY_UIApplicationSupportsIndirectInputEvents = YES;
				INFOPLIST_KEY_UILaunchScreen_Generation = YES;
				INFOPLIST_KEY_UISupportedInterfaceOrientations_iPad = "UIInterfaceOrientationPortrait UIInterfaceOrientationPortraitUpsideDown UIInterfaceOrientationLandscapeLeft UIInterfaceOrientationLandscapeRight";
				INFOPLIST_KEY_UISupportedInterfaceOrientations_iPhone = "UIInterfaceOrientationPortrait UIInterfaceOrientationLandscapeLeft UIInterfaceOrientationLandscapeRight";
				LD_RUNPATH_SEARCH_PATHS = (
					"$(inherited)",
					"@executable_path/Frameworks",
				);
				MARKETING_VERSION = 1.2;
				PRODUCT_BUNDLE_IDENTIFIER = com.DracosSolutions.PokerStack;
				PRODUCT_NAME = "$(TARGET_NAME)";
				STRING_CATALOG_GENERATE_SYMBOLS = YES;
				SWIFT_APPROACHABLE_CONCURRENCY = YES;
				SWIFT_DEFAULT_ACTOR_ISOLATION = MainActor;
				SWIFT_EMIT_LOC_STRINGS = YES;
				SWIFT_UPCOMING_FEATURE_MEMBER_IMPORT_VISIBILITY = YES;
				SWIFT_VERSION = 5.0;
				TARGETED_DEVICE_FAMILY = "1,2";
			};
			name = Release;
		};
/* End XCBuildConfiguration section */

/* Begin XCConfigurationList section */
		A845722D2F529F1500BE2EBC /* Build configuration list for PBXProject "PokerStack" */ = {
			isa = XCConfigurationList;
			buildConfigurations = (
				A845723B2F529F1700BE2EBC /* Debug */,
				A845723C2F529F1700BE2EBC /* Release */,
			);
			defaultConfigurationIsVisible = 0;
			defaultConfigurationName = Release;
		};
		A845723D2F529F1700BE2EBC /* Build configuration list for PBXNativeTarget "PokerStack" */ = {
			isa = XCConfigurationList;
			buildConfigurations = (
				A845723E2F529F1700BE2EBC /* Debug */,
				A845723F2F529F1700BE2EBC /* Release */,
			);
			defaultConfigurationIsVisible = 0;
			defaultConfigurationName = Release;
		};
/* End XCConfigurationList section */
	};
	rootObject = A845722A2F529F1500BE2EBC /* Project object */;
}
